<?xml version="1.0" encoding="utf-8"?>
<Project ToolsVersion="4.0" xmlns="http://schemas.microsoft.com/developer/msbuild/2003">
  <ItemGroup>
    <Filter Include="nlohmann">
      <UniqueIdentifier>{E0661284-CC33-6D8F-F54C-5B37E178A21D}</UniqueIdentifier>
    </Filter>
    <Filter Include="unitysceneloader">
      <UniqueIdentifier>{C3490A37-AF42-2989-D874-0E0EC4CC0895}</UniqueIdentifier>
    </Filter>
  </ItemGroup>
  <ItemGroup>
    <ClInclude Include="..\Source\Tutorials\Tutorial-18_UnityLoader\source\nlohmann\json.hpp">
      <Filter>nlohmann</Filter>
    </ClInclude>
    <ClInclude Include="..\Source\Tutorials\Tutorial-18_UnityLoader\source\unitysceneloader\UnityLoader.h">
      <Filter>unitysceneloader</Filter>
    </ClInclude>
  </ItemGroup>
  <ItemGroup>
    <ClCompile Include="..\Source\Tutorials\Tutorial-18_UnityLoader\source\main.cpp" />
    <ClCompile Include="..\Source\Tutorials\Tutorial-18_UnityLoader\source\unitysceneloader\UnityLoader.cpp">
      <Filter>unitysceneloader</Filter>
    </ClCompile>
  </ItemGroup>
</Project>