<?xml version="1.0" encoding="utf-8"?>
<Project ToolsVersion="4.0" xmlns="http://schemas.microsoft.com/developer/msbuild/2003">
  <ItemGroup>
    <Filter Include="Resource Files">
      <UniqueIdentifier>{67DA6AB6-F800-4c08-8B7A-83BB121AAD01}</UniqueIdentifier>
      <Extensions>rc;ico;cur;bmp;dlg;rc2;rct;bin;rgs;gif;jpg;jpeg;jpe;resx;tiff;tif;png;wav;mfcribbon-ms</Extensions>
    </Filter>
  </ItemGroup>
  <ItemGroup>
    <ClCompile Include="CombatComponent.cpp" />
    <ClCompile Include="DamagableComponent.cpp" />
    <ClCompile Include="DiabloUppgift.cpp" />
    <ClCompile Include="Door.cpp" />
    <ClCompile Include="Enemy.cpp" />
    <ClCompile Include="GameManager.cpp" />
    <ClCompile Include="Player.cpp" />
    <ClCompile Include="Room.cpp" />
    <ClCompile Include="InventoryTypes.cpp" />
    <ClCompile Include="Chest.cpp" />
    <ClCompile Include="ConsoleView.cpp" />
    <ClCompile Include="InteractionController.cpp" />
    <ClCompile Include="ChestTypes.cpp" />
    <ClCompile Include="EnemyTypes.cpp" />
  </ItemGroup>
  <ItemGroup>
    <ClInclude Include="CombatComponent.h" />
    <ClInclude Include="DamagableComponent.h" />
    <ClInclude Include="Direction.h" />
    <ClInclude Include="Door.h" />
    <ClInclude Include="Enemy.h" />
    <ClInclude Include="GameManager.h" />
    <ClInclude Include="Player.h" />
    <ClInclude Include="Room.h" />
    <ClInclude Include="InventoryTypes.h" />
    <ClInclude Include="Chest.h" />
    <ClInclude Include="ConsoleView.h" />
    <ClInclude Include="InteractionController.h" />
    <ClInclude Include="ChestTypes.h" />
    <ClInclude Include="EnemyTypes.h" />
  </ItemGroup>
</Project>