
Microsoft Visual Studio Solution File, Format Version 12.00
# Visual Studio Version 17
VisualStudioVersion = 17.14.36518.9 d17.14
MinimumVisualStudioVersion = 10.0.40219.1
Project("{8BC9CEB8-8B4A-11D0-8D11-00A0C91BC942}") = "StaticLib1", "StaticLib1\StaticLib1.vcxproj", "{89C5C48F-3390-446B-9623-5BFCBCC1C81E}"
EndProject
Global
	GlobalSection(SolutionConfigurationPlatforms) = preSolution
		Debug|x64 = Debug|x64
		Release|x64 = Release|x64
	EndGlobalSection
	GlobalSection(ProjectConfigurationPlatforms) = postSolution
		{89C5C48F-3390-446B-9623-5BFCBCC1C81E}.Debug|x64.ActiveCfg = Debug|x64
		{89C5C48F-3390-446B-9623-5BFCBCC1C81E}.Debug|x64.Build.0 = Debug|x64
		{89C5C48F-3390-446B-9623-5BFCBCC1C81E}.Release|x64.ActiveCfg = Release|x64
		{89C5C48F-3390-446B-9623-5BFCBCC1C81E}.Release|x64.Build.0 = Release|x64
	EndGlobalSection
	GlobalSection(SolutionProperties) = preSolution
		HideSolutionNode = FALSE
	EndGlobalSection
	GlobalSection(ExtensibilityGlobals) = postSolution
		SolutionGuid = {FD71E727-D20C-4D40-BEF8-86CB821494AA}
	EndGlobalSection
EndGlobal
